
Microsoft Visual Studio Solution File, Format Version 12.00
# Visual Studio 2012
Project("{FAE04EC0-301F-11D3-BF4B-00C04F79EFBC}") = "COLIMobileApp", "COLIMobileApp\COLIMobileApp.csproj", "{657BEE6D-AB16-48C0-A54A-23BA1470E29A}"
EndProject
Project("{FAE04EC0-301F-11D3-BF4B-00C04F79EFBC}") = "COLIMobileApp.iOS", "iOS\COLIMobileApp.iOS.csproj", "{293C3FF3-6E11-4301-A2D6-84B6A0678BC4}"
EndProject
Project("{FAE04EC0-301F-11D3-BF4B-00C04F79EFBC}") = "COLIMobileApp.Droid", "Droid\COLIMobileApp.Droid.csproj", "{D78C4E7A-0DF1-478E-9378-DB3F040F18E4}"
EndProject
Project("{FAE04EC0-301F-11D3-BF4B-00C04F79EFBC}") = "Service", "Service\Service.csproj", "{30362745-A1A4-4829-8F59-9C5A65AEC7D7}"
EndProject
Global
	GlobalSection(SolutionConfigurationPlatforms) = preSolution
		Debug|Any CPU = Debug|Any CPU
		Release|Any CPU = Release|Any CPU
		Debug|iPhoneSimulator = Debug|iPhoneSimulator
		Release|iPhone = Release|iPhone
		Release|iPhoneSimulator = Release|iPhoneSimulator
		Debug|iPhone = Debug|iPhone
	EndGlobalSection
	GlobalSection(ProjectConfigurationPlatforms) = postSolution
		{657BEE6D-AB16-48C0-A54A-23BA1470E29A}.Debug|Any CPU.ActiveCfg = Debug|Any CPU
		{657BEE6D-AB16-48C0-A54A-23BA1470E29A}.Debug|Any CPU.Build.0 = Debug|Any CPU
		{657BEE6D-AB16-48C0-A54A-23BA1470E29A}.Release|Any CPU.ActiveCfg = Release|Any CPU
		{657BEE6D-AB16-48C0-A54A-23BA1470E29A}.Release|Any CPU.Build.0 = Release|Any CPU
		{657BEE6D-AB16-48C0-A54A-23BA1470E29A}.Debug|iPhoneSimulator.ActiveCfg = Debug|Any CPU
		{657BEE6D-AB16-48C0-A54A-23BA1470E29A}.Debug|iPhoneSimulator.Build.0 = Debug|Any CPU
		{657BEE6D-AB16-48C0-A54A-23BA1470E29A}.Release|iPhone.ActiveCfg = Release|Any CPU
		{657BEE6D-AB16-48C0-A54A-23BA1470E29A}.Release|iPhone.Build.0 = Release|Any CPU
		{657BEE6D-AB16-48C0-A54A-23BA1470E29A}.Release|iPhoneSimulator.ActiveCfg = Release|Any CPU
		{657BEE6D-AB16-48C0-A54A-23BA1470E29A}.Release|iPhoneSimulator.Build.0 = Release|Any CPU
		{657BEE6D-AB16-48C0-A54A-23BA1470E29A}.Debug|iPhone.ActiveCfg = Debug|Any CPU
		{657BEE6D-AB16-48C0-A54A-23BA1470E29A}.Debug|iPhone.Build.0 = Debug|Any CPU
		{293C3FF3-6E11-4301-A2D6-84B6A0678BC4}.Debug|Any CPU.ActiveCfg = Debug|iPhoneSimulator
		{293C3FF3-6E11-4301-A2D6-84B6A0678BC4}.Debug|Any CPU.Build.0 = Debug|iPhoneSimulator
		{293C3FF3-6E11-4301-A2D6-84B6A0678BC4}.Release|Any CPU.ActiveCfg = Release|iPhone
		{293C3FF3-6E11-4301-A2D6-84B6A0678BC4}.Release|Any CPU.Build.0 = Release|iPhone
		{293C3FF3-6E11-4301-A2D6-84B6A0678BC4}.Debug|iPhoneSimulator.ActiveCfg = Debug|iPhoneSimulator
		{293C3FF3-6E11-4301-A2D6-84B6A0678BC4}.Debug|iPhoneSimulator.Build.0 = Debug|iPhoneSimulator
		{293C3FF3-6E11-4301-A2D6-84B6A0678BC4}.Release|iPhone.ActiveCfg = Release|iPhone
		{293C3FF3-6E11-4301-A2D6-84B6A0678BC4}.Release|iPhone.Build.0 = Release|iPhone
		{293C3FF3-6E11-4301-A2D6-84B6A0678BC4}.Release|iPhoneSimulator.ActiveCfg = Release|iPhoneSimulator
		{293C3FF3-6E11-4301-A2D6-84B6A0678BC4}.Release|iPhoneSimulator.Build.0 = Release|iPhoneSimulator
		{293C3FF3-6E11-4301-A2D6-84B6A0678BC4}.Debug|iPhone.ActiveCfg = Debug|iPhone
		{293C3FF3-6E11-4301-A2D6-84B6A0678BC4}.Debug|iPhone.Build.0 = Debug|iPhone
		{D78C4E7A-0DF1-478E-9378-DB3F040F18E4}.Debug|Any CPU.ActiveCfg = Debug|Any CPU
		{D78C4E7A-0DF1-478E-9378-DB3F040F18E4}.Debug|Any CPU.Build.0 = Debug|Any CPU
		{D78C4E7A-0DF1-478E-9378-DB3F040F18E4}.Release|Any CPU.ActiveCfg = Release|Any CPU
		{D78C4E7A-0DF1-478E-9378-DB3F040F18E4}.Release|Any CPU.Build.0 = Release|Any CPU
		{D78C4E7A-0DF1-478E-9378-DB3F040F18E4}.Debug|iPhoneSimulator.ActiveCfg = Debug|Any CPU
		{D78C4E7A-0DF1-478E-9378-DB3F040F18E4}.Debug|iPhoneSimulator.Build.0 = Debug|Any CPU
		{D78C4E7A-0DF1-478E-9378-DB3F040F18E4}.Release|iPhone.ActiveCfg = Release|Any CPU
		{D78C4E7A-0DF1-478E-9378-DB3F040F18E4}.Release|iPhone.Build.0 = Release|Any CPU
		{D78C4E7A-0DF1-478E-9378-DB3F040F18E4}.Release|iPhoneSimulator.ActiveCfg = Release|Any CPU
		{D78C4E7A-0DF1-478E-9378-DB3F040F18E4}.Release|iPhoneSimulator.Build.0 = Release|Any CPU
		{D78C4E7A-0DF1-478E-9378-DB3F040F18E4}.Debug|iPhone.ActiveCfg = Debug|Any CPU
		{D78C4E7A-0DF1-478E-9378-DB3F040F18E4}.Debug|iPhone.Build.0 = Debug|Any CPU
		{30362745-A1A4-4829-8F59-9C5A65AEC7D7}.Debug|Any CPU.ActiveCfg = Debug|Any CPU
		{30362745-A1A4-4829-8F59-9C5A65AEC7D7}.Debug|Any CPU.Build.0 = Debug|Any CPU
		{30362745-A1A4-4829-8F59-9C5A65AEC7D7}.Release|Any CPU.ActiveCfg = Release|Any CPU
		{30362745-A1A4-4829-8F59-9C5A65AEC7D7}.Release|Any CPU.Build.0 = Release|Any CPU
		{30362745-A1A4-4829-8F59-9C5A65AEC7D7}.Debug|iPhoneSimulator.ActiveCfg = Debug|Any CPU
		{30362745-A1A4-4829-8F59-9C5A65AEC7D7}.Debug|iPhoneSimulator.Build.0 = Debug|Any CPU
		{30362745-A1A4-4829-8F59-9C5A65AEC7D7}.Release|iPhone.ActiveCfg = Release|Any CPU
		{30362745-A1A4-4829-8F59-9C5A65AEC7D7}.Release|iPhone.Build.0 = Release|Any CPU
		{30362745-A1A4-4829-8F59-9C5A65AEC7D7}.Release|iPhoneSimulator.ActiveCfg = Release|Any CPU
		{30362745-A1A4-4829-8F59-9C5A65AEC7D7}.Release|iPhoneSimulator.Build.0 = Release|Any CPU
		{30362745-A1A4-4829-8F59-9C5A65AEC7D7}.Debug|iPhone.ActiveCfg = Debug|Any CPU
		{30362745-A1A4-4829-8F59-9C5A65AEC7D7}.Debug|iPhone.Build.0 = Debug|Any CPU
	EndGlobalSection
EndGlobal
